
Microsoft Visual Studio Solution File, Format Version 12.00
# Visual Studio Version 17
VisualStudioVersion = 17.9.34714.143
MinimumVisualStudioVersion = 10.0.40219.1
Project("{FAE04EC0-301F-11D3-BF4B-00C04F79EFBC}") = "SisLight", "SisLight\SisLight.csproj", "{6684AD86-AC2A-4A44-9D08-75E63B09D88E}"
EndProject
Global
	GlobalSection(SolutionConfigurationPlatforms) = preSolution
		Debug|Any CPU = Debug|Any CPU
		Release|Any CPU = Release|Any CPU
	EndGlobalSection
	GlobalSection(ProjectConfigurationPlatforms) = postSolution
		{6684AD86-AC2A-4A44-9D08-75E63B09D88E}.Debug|Any CPU.ActiveCfg = Debug|Any CPU
		{6684AD86-AC2A-4A44-9D08-75E63B09D88E}.Debug|Any CPU.Build.0 = Debug|Any CPU
		{6684AD86-AC2A-4A44-9D08-75E63B09D88E}.Release|Any CPU.ActiveCfg = Release|Any CPU
		{6684AD86-AC2A-4A44-9D08-75E63B09D88E}.Release|Any CPU.Build.0 = Release|Any CPU
	EndGlobalSection
	GlobalSection(SolutionProperties) = preSolution
		HideSolutionNode = FALSE
	EndGlobalSection
	GlobalSection(ExtensibilityGlobals) = postSolution
		SolutionGuid = {7DEAD7E8-4CA0-467F-8038-519CEDF6839D}
	EndGlobalSection
EndGlobal
